
Microsoft Visual Studio Solution File, Format Version 12.00
# Visual Studio Version 17
VisualStudioVersion = 17.2.32526.322
MinimumVisualStudioVersion = 10.0.40219.1
Project("{9A19103F-16F7-4668-BE54-9A1E7A4F7556}") = "Todo", "Todo.csproj", "{916A7FAA-72D5-4E1E-960C-CC4AFD07D75E}"
EndProject
Global
	GlobalSection(SolutionConfigurationPlatforms) = preSolution
		Debug|Any CPU = Debug|Any CPU
		Release|Any CPU = Release|Any CPU
	EndGlobalSection
	GlobalSection(ProjectConfigurationPlatforms) = postSolution
		{916A7FAA-72D5-4E1E-960C-CC4AFD07D75E}.Debug|Any CPU.ActiveCfg = Debug|Any CPU
		{916A7FAA-72D5-4E1E-960C-CC4AFD07D75E}.Debug|Any CPU.Build.0 = Debug|Any CPU
		{916A7FAA-72D5-4E1E-960C-CC4AFD07D75E}.Release|Any CPU.ActiveCfg = Release|Any CPU
		{916A7FAA-72D5-4E1E-960C-CC4AFD07D75E}.Release|Any CPU.Build.0 = Release|Any CPU
	EndGlobalSection
	GlobalSection(SolutionProperties) = preSolution
		HideSolutionNode = FALSE
	EndGlobalSection
	GlobalSection(ExtensibilityGlobals) = postSolution
		SolutionGuid = {3BFE4D99-A63D-450C-8582-A996AAB51015}
	EndGlobalSection
EndGlobal
